{
  "requires": true,
  "lockfileVersion": 1,
  "dependencies": {
    "actioncable": {
      "version": "5.2.4-3",
      "resolved": "https://registry.npmjs.org/actioncable/-/actioncable-5.2.4-3.tgz",
      "integrity": "sha512-SrGfg2W2GKGfYOlsOUnqjdihUhIVoyb5ewsMtpfE/Z3ZK/j5Gj2e/YWp2A7Wo+aeB1aewhPxorFxIGVRowbX4w=="
    }
  }
}
